
Microsoft Visual Studio Solution File, Format Version 12.00
# Visual Studio Version 17
VisualStudioVersion = 17.5.002.0
MinimumVisualStudioVersion = 10.0.40219.1
Project("{9A19103F-16F7-4668-BE54-9A1E7A4F7556}") = "GestionDette", "GestionDette.csproj", "{0C20419C-5954-43D5-A54E-8A088FBDD624}"
EndProject
Global
	GlobalSection(SolutionConfigurationPlatforms) = preSolution
		Debug|Any CPU = Debug|Any CPU
		Release|Any CPU = Release|Any CPU
	EndGlobalSection
	GlobalSection(ProjectConfigurationPlatforms) = postSolution
		{0C20419C-5954-43D5-A54E-8A088FBDD624}.Debug|Any CPU.ActiveCfg = Debug|Any CPU
		{0C20419C-5954-43D5-A54E-8A088FBDD624}.Debug|Any CPU.Build.0 = Debug|Any CPU
		{0C20419C-5954-43D5-A54E-8A088FBDD624}.Release|Any CPU.ActiveCfg = Release|Any CPU
		{0C20419C-5954-43D5-A54E-8A088FBDD624}.Release|Any CPU.Build.0 = Release|Any CPU
	EndGlobalSection
	GlobalSection(SolutionProperties) = preSolution
		HideSolutionNode = FALSE
	EndGlobalSection
	GlobalSection(ExtensibilityGlobals) = postSolution
		SolutionGuid = {D2A2EED7-0748-4B27-BBD7-CBC78CCAE2D6}
	EndGlobalSection
EndGlobal
